// !$*UTF8*$!
{
	archiveVersion = 1;
	classes = {
	};
	objectVersion = 55;
	objects = {

/* Begin PBXBuildFile section */
		0039586A3EDAC4856DB6675E /* Pods_XBike_XBikeUITests.framework in Frameworks */ = {isa = PBXBuildFile; fileRef = CECEB1FEFD8098105A5D00CC /* Pods_XBike_XBikeUITests.framework */; };
		1EF0E634235F790EBDBBEDE4 /* Pods_XBike.framework in Frameworks */ = {isa = PBXBuildFile; fileRef = 651D910931B71FED9833FAEA /* Pods_XBike.framework */; };
		5A99650D60A9142087004869 /* Pods_XBikeTests.framework in Frameworks */ = {isa = PBXBuildFile; fileRef = D16C7A0143CEA27E5EF37100 /* Pods_XBikeTests.framework */; };
		98EAC03F28A3999A0075135D /* AppDelegate.swift in Sources */ = {isa = PBXBuildFile; fileRef = 98EAC03E28A3999A0075135D /* AppDelegate.swift */; };
		98EAC04128A3999A0075135D /* SceneDelegate.swift in Sources */ = {isa = PBXBuildFile; fileRef = 98EAC04028A3999A0075135D /* SceneDelegate.swift */; };
		98EAC04328A3999A0075135D /* OnboardingViewController.swift in Sources */ = {isa = PBXBuildFile; fileRef = 98EAC04228A3999A0075135D /* OnboardingViewController.swift */; };
		98EAC04628A3999A0075135D /* Main.storyboard in Resources */ = {isa = PBXBuildFile; fileRef = 98EAC04428A3999A0075135D /* Main.storyboard */; };
		98EAC04828A3999C0075135D /* Assets.xcassets in Resources */ = {isa = PBXBuildFile; fileRef = 98EAC04728A3999C0075135D /* Assets.xcassets */; };
		98EAC04B28A3999C0075135D /* LaunchScreen.storyboard in Resources */ = {isa = PBXBuildFile; fileRef = 98EAC04928A3999C0075135D /* LaunchScreen.storyboard */; };
		98EAC05628A3999C0075135D /* XBikeTests.swift in Sources */ = {isa = PBXBuildFile; fileRef = 98EAC05528A3999C0075135D /* XBikeTests.swift */; };
		98EAC06028A3999C0075135D /* XBikeUITests.swift in Sources */ = {isa = PBXBuildFile; fileRef = 98EAC05F28A3999C0075135D /* XBikeUITests.swift */; };
		98EAC06228A3999C0075135D /* XBikeUITestsLaunchTests.swift in Sources */ = {isa = PBXBuildFile; fileRef = 98EAC06128A3999C0075135D /* XBikeUITestsLaunchTests.swift */; };
		98EAC07028A39C890075135D /* OnboardingData.swift in Sources */ = {isa = PBXBuildFile; fileRef = 98EAC06F28A39C890075135D /* OnboardingData.swift */; };
		98EAC07528A39DBB0075135D /* CustomPageViewController.swift in Sources */ = {isa = PBXBuildFile; fileRef = 98EAC07428A39DBB0075135D /* CustomPageViewController.swift */; };
		98EAC07828A3BE690075135D /* Color.swift in Sources */ = {isa = PBXBuildFile; fileRef = 98EAC07728A3BE690075135D /* Color.swift */; };
		98EAC07A28A4E58E0075135D /* CurrentRideController.swift in Sources */ = {isa = PBXBuildFile; fileRef = 98EAC07928A4E58E0075135D /* CurrentRideController.swift */; };
		98FFA3E428A5192A00B0E6C9 /* MyProgressController.swift in Sources */ = {isa = PBXBuildFile; fileRef = 98FFA3E328A5192A00B0E6C9 /* MyProgressController.swift */; };
		98FFA3E628A52D5100B0E6C9 /* Alerts.swift in Sources */ = {isa = PBXBuildFile; fileRef = 98FFA3E528A52D5100B0E6C9 /* Alerts.swift */; };
		98FFA3E828A5C33300B0E6C9 /* MyProgressControllerCell.swift in Sources */ = {isa = PBXBuildFile; fileRef = 98FFA3E728A5C33300B0E6C9 /* MyProgressControllerCell.swift */; };
		98FFA3EA28A5CD3600B0E6C9 /* UserDefaults.swift in Sources */ = {isa = PBXBuildFile; fileRef = 98FFA3E928A5CD3600B0E6C9 /* UserDefaults.swift */; };
		98FFA3EC28A5D1CC00B0E6C9 /* CLPlaceMark.swift in Sources */ = {isa = PBXBuildFile; fileRef = 98FFA3EB28A5D1CC00B0E6C9 /* CLPlaceMark.swift */; };
		98FFA3F528A64DBD00B0E6C9 /* NavigationBar.swift in Sources */ = {isa = PBXBuildFile; fileRef = 98FFA3F428A64DBD00B0E6C9 /* NavigationBar.swift */; };
/* End PBXBuildFile section */

/* Begin PBXContainerItemProxy section */
		98EAC05228A3999C0075135D /* PBXContainerItemProxy */ = {
			isa = PBXContainerItemProxy;
			containerPortal = 98EAC03328A3999A0075135D /* Project object */;
			proxyType = 1;
			remoteGlobalIDString = 98EAC03A28A3999A0075135D;
			remoteInfo = XBike;
		};
		98EAC05C28A3999C0075135D /* PBXContainerItemProxy */ = {
			isa = PBXContainerItemProxy;
			containerPortal = 98EAC03328A3999A0075135D /* Project object */;
			proxyType = 1;
			remoteGlobalIDString = 98EAC03A28A3999A0075135D;
			remoteInfo = XBike;
		};
/* End PBXContainerItemProxy section */

/* Begin PBXFileReference section */
		17D601B657B8561CDD207E37 /* Pods-XBike.debug.xcconfig */ = {isa = PBXFileReference; includeInIndex = 1; lastKnownFileType = text.xcconfig; name = "Pods-XBike.debug.xcconfig"; path = "Target Support Files/Pods-XBike/Pods-XBike.debug.xcconfig"; sourceTree = "<group>"; };
		3A7272B383913B9EE38992B5 /* Pods-XBikeTests.debug.xcconfig */ = {isa = PBXFileReference; includeInIndex = 1; lastKnownFileType = text.xcconfig; name = "Pods-XBikeTests.debug.xcconfig"; path = "Target Support Files/Pods-XBikeTests/Pods-XBikeTests.debug.xcconfig"; sourceTree = "<group>"; };
		500BD2B47A10BAF161908E28 /* Pods-XBike.release.xcconfig */ = {isa = PBXFileReference; includeInIndex = 1; lastKnownFileType = text.xcconfig; name = "Pods-XBike.release.xcconfig"; path = "Target Support Files/Pods-XBike/Pods-XBike.release.xcconfig"; sourceTree = "<group>"; };
		60A319F973C2598A3555FA34 /* Pods-XBike-XBikeUITests.release.xcconfig */ = {isa = PBXFileReference; includeInIndex = 1; lastKnownFileType = text.xcconfig; name = "Pods-XBike-XBikeUITests.release.xcconfig"; path = "Target Support Files/Pods-XBike-XBikeUITests/Pods-XBike-XBikeUITests.release.xcconfig"; sourceTree = "<group>"; };
		651D910931B71FED9833FAEA /* Pods_XBike.framework */ = {isa = PBXFileReference; explicitFileType = wrapper.framework; includeInIndex = 0; path = Pods_XBike.framework; sourceTree = BUILT_PRODUCTS_DIR; };
		6E2B54DCBE7F59CA6F42EE8E /* Pods-XBike-XBikeUITests.debug.xcconfig */ = {isa = PBXFileReference; includeInIndex = 1; lastKnownFileType = text.xcconfig; name = "Pods-XBike-XBikeUITests.debug.xcconfig"; path = "Target Support Files/Pods-XBike-XBikeUITests/Pods-XBike-XBikeUITests.debug.xcconfig"; sourceTree = "<group>"; };
		98EAC03B28A3999A0075135D /* XBike.app */ = {isa = PBXFileReference; explicitFileType = wrapper.application; includeInIndex = 0; path = XBike.app; sourceTree = BUILT_PRODUCTS_DIR; };
		98EAC03E28A3999A0075135D /* AppDelegate.swift */ = {isa = PBXFileReference; lastKnownFileType = sourcecode.swift; path = AppDelegate.swift; sourceTree = "<group>"; };
		98EAC04028A3999A0075135D /* SceneDelegate.swift */ = {isa = PBXFileReference; lastKnownFileType = sourcecode.swift; path = SceneDelegate.swift; sourceTree = "<group>"; };
		98EAC04228A3999A0075135D /* OnboardingViewController.swift */ = {isa = PBXFileReference; lastKnownFileType = sourcecode.swift; path = OnboardingViewController.swift; sourceTree = "<group>"; };
		98EAC04528A3999A0075135D /* Base */ = {isa = PBXFileReference; lastKnownFileType = file.storyboard; name = Base; path = Base.lproj/Main.storyboard; sourceTree = "<group>"; };
		98EAC04728A3999C0075135D /* Assets.xcassets */ = {isa = PBXFileReference; lastKnownFileType = folder.assetcatalog; path = Assets.xcassets; sourceTree = "<group>"; };
		98EAC04A28A3999C0075135D /* Base */ = {isa = PBXFileReference; lastKnownFileType = file.storyboard; name = Base; path = Base.lproj/LaunchScreen.storyboard; sourceTree = "<group>"; };
		98EAC04C28A3999C0075135D /* Info.plist */ = {isa = PBXFileReference; lastKnownFileType = text.plist.xml; path = Info.plist; sourceTree = "<group>"; };
		98EAC05128A3999C0075135D /* XBikeTests.xctest */ = {isa = PBXFileReference; explicitFileType = wrapper.cfbundle; includeInIndex = 0; path = XBikeTests.xctest; sourceTree = BUILT_PRODUCTS_DIR; };
		98EAC05528A3999C0075135D /* XBikeTests.swift */ = {isa = PBXFileReference; lastKnownFileType = sourcecode.swift; path = XBikeTests.swift; sourceTree = "<group>"; };
		98EAC05B28A3999C0075135D /* XBikeUITests.xctest */ = {isa = PBXFileReference; explicitFileType = wrapper.cfbundle; includeInIndex = 0; path = XBikeUITests.xctest; sourceTree = BUILT_PRODUCTS_DIR; };
		98EAC05F28A3999C0075135D /* XBikeUITests.swift */ = {isa = PBXFileReference; lastKnownFileType = sourcecode.swift; path = XBikeUITests.swift; sourceTree = "<group>"; };
		98EAC06128A3999C0075135D /* XBikeUITestsLaunchTests.swift */ = {isa = PBXFileReference; lastKnownFileType = sourcecode.swift; path = XBikeUITestsLaunchTests.swift; sourceTree = "<group>"; };
		98EAC06F28A39C890075135D /* OnboardingData.swift */ = {isa = PBXFileReference; lastKnownFileType = sourcecode.swift; path = OnboardingData.swift; sourceTree = "<group>"; };
		98EAC07428A39DBB0075135D /* CustomPageViewController.swift */ = {isa = PBXFileReference; lastKnownFileType = sourcecode.swift; path = CustomPageViewController.swift; sourceTree = "<group>"; };
		98EAC07728A3BE690075135D /* Color.swift */ = {isa = PBXFileReference; lastKnownFileType = sourcecode.swift; path = Color.swift; sourceTree = "<group>"; };
		98EAC07928A4E58E0075135D /* CurrentRideController.swift */ = {isa = PBXFileReference; lastKnownFileType = sourcecode.swift; path = CurrentRideController.swift; sourceTree = "<group>"; };
		98FFA3E328A5192A00B0E6C9 /* MyProgressController.swift */ = {isa = PBXFileReference; lastKnownFileType = sourcecode.swift; path = MyProgressController.swift; sourceTree = "<group>"; };
		98FFA3E528A52D5100B0E6C9 /* Alerts.swift */ = {isa = PBXFileReference; lastKnownFileType = sourcecode.swift; path = Alerts.swift; sourceTree = "<group>"; };
		98FFA3E728A5C33300B0E6C9 /* MyProgressControllerCell.swift */ = {isa = PBXFileReference; lastKnownFileType = sourcecode.swift; path = MyProgressControllerCell.swift; sourceTree = "<group>"; };
		98FFA3E928A5CD3600B0E6C9 /* UserDefaults.swift */ = {isa = PBXFileReference; lastKnownFileType = sourcecode.swift; path = UserDefaults.swift; sourceTree = "<group>"; };
		98FFA3EB28A5D1CC00B0E6C9 /* CLPlaceMark.swift */ = {isa = PBXFileReference; lastKnownFileType = sourcecode.swift; path = CLPlaceMark.swift; sourceTree = "<group>"; };
		98FFA3F428A64DBD00B0E6C9 /* NavigationBar.swift */ = {isa = PBXFileReference; lastKnownFileType = sourcecode.swift; path = NavigationBar.swift; sourceTree = "<group>"; };
		A9DB75675EA75CA09CA43A58 /* Pods-XBikeTests.release.xcconfig */ = {isa = PBXFileReference; includeInIndex = 1; lastKnownFileType = text.xcconfig; name = "Pods-XBikeTests.release.xcconfig"; path = "Target Support Files/Pods-XBikeTests/Pods-XBikeTests.release.xcconfig"; sourceTree = "<group>"; };
		CECEB1FEFD8098105A5D00CC /* Pods_XBike_XBikeUITests.framework */ = {isa = PBXFileReference; explicitFileType = wrapper.framework; includeInIndex = 0; path = Pods_XBike_XBikeUITests.framework; sourceTree = BUILT_PRODUCTS_DIR; };
		D16C7A0143CEA27E5EF37100 /* Pods_XBikeTests.framework */ = {isa = PBXFileReference; explicitFileType = wrapper.framework; includeInIndex = 0; path = Pods_XBikeTests.framework; sourceTree = BUILT_PRODUCTS_DIR; };
/* End PBXFileReference section */

/* Begin PBXFrameworksBuildPhase section */
		98EAC03828A3999A0075135D /* Frameworks */ = {
			isa = PBXFrameworksBuildPhase;
			buildActionMask = 2147483647;
			files = (
				1EF0E634235F790EBDBBEDE4 /* Pods_XBike.framework in Frameworks */,
			);
			runOnlyForDeploymentPostprocessing = 0;
		};
		98EAC04E28A3999C0075135D /* Frameworks */ = {
			isa = PBXFrameworksBuildPhase;
			buildActionMask = 2147483647;
			files = (
				5A99650D60A9142087004869 /* Pods_XBikeTests.framework in Frameworks */,
			);
			runOnlyForDeploymentPostprocessing = 0;
		};
		98EAC05828A3999C0075135D /* Frameworks */ = {
			isa = PBXFrameworksBuildPhase;
			buildActionMask = 2147483647;
			files = (
				0039586A3EDAC4856DB6675E /* Pods_XBike_XBikeUITests.framework in Frameworks */,
			);
			runOnlyForDeploymentPostprocessing = 0;
		};
/* End PBXFrameworksBuildPhase section */

/* Begin PBXGroup section */
		76418A0A176A183CBE5A811E /* Pods */ = {
			isa = PBXGroup;
			children = (
				17D601B657B8561CDD207E37 /* Pods-XBike.debug.xcconfig */,
				500BD2B47A10BAF161908E28 /* Pods-XBike.release.xcconfig */,
				6E2B54DCBE7F59CA6F42EE8E /* Pods-XBike-XBikeUITests.debug.xcconfig */,
				60A319F973C2598A3555FA34 /* Pods-XBike-XBikeUITests.release.xcconfig */,
				3A7272B383913B9EE38992B5 /* Pods-XBikeTests.debug.xcconfig */,
				A9DB75675EA75CA09CA43A58 /* Pods-XBikeTests.release.xcconfig */,
			);
			path = Pods;
			sourceTree = "<group>";
		};
		98EAC03228A3999A0075135D = {
			isa = PBXGroup;
			children = (
				98EAC03D28A3999A0075135D /* XBike */,
				98EAC05428A3999C0075135D /* XBikeTests */,
				98EAC05E28A3999C0075135D /* XBikeUITests */,
				98EAC03C28A3999A0075135D /* Products */,
				76418A0A176A183CBE5A811E /* Pods */,
				BEE50A8B817001489B6D9258 /* Frameworks */,
			);
			sourceTree = "<group>";
		};
		98EAC03C28A3999A0075135D /* Products */ = {
			isa = PBXGroup;
			children = (
				98EAC03B28A3999A0075135D /* XBike.app */,
				98EAC05128A3999C0075135D /* XBikeTests.xctest */,
				98EAC05B28A3999C0075135D /* XBikeUITests.xctest */,
			);
			name = Products;
			sourceTree = "<group>";
		};
		98EAC03D28A3999A0075135D /* XBike */ = {
			isa = PBXGroup;
			children = (
				98FFA3F328A5DDB700B0E6C9 /* Storyboards */,
				98FFA3F228A5DDAD00B0E6C9 /* Application */,
				98EAC07328A39D930075135D /* Extensions */,
				98EAC06E28A39C720075135D /* Controllers */,
				98EAC04728A3999C0075135D /* Assets.xcassets */,
				98EAC04C28A3999C0075135D /* Info.plist */,
			);
			path = XBike;
			sourceTree = "<group>";
		};
		98EAC05428A3999C0075135D /* XBikeTests */ = {
			isa = PBXGroup;
			children = (
				98EAC05528A3999C0075135D /* XBikeTests.swift */,
			);
			path = XBikeTests;
			sourceTree = "<group>";
		};
		98EAC05E28A3999C0075135D /* XBikeUITests */ = {
			isa = PBXGroup;
			children = (
				98EAC05F28A3999C0075135D /* XBikeUITests.swift */,
				98EAC06128A3999C0075135D /* XBikeUITestsLaunchTests.swift */,
			);
			path = XBikeUITests;
			sourceTree = "<group>";
		};
		98EAC06E28A39C720075135D /* Controllers */ = {
			isa = PBXGroup;
			children = (
				98FFA3F028A5DD9100B0E6C9 /* MyProgressController */,
				98FFA3EF28A5DD8B00B0E6C9 /* Alerts */,
				98FFA3EE28A5DD7C00B0E6C9 /* CurrentRideController */,
				98EAC07628A3ABF80075135D /* Onboarding */,
			);
			path = Controllers;
			sourceTree = "<group>";
		};
		98EAC07328A39D930075135D /* Extensions */ = {
			isa = PBXGroup;
			children = (
				98EAC07428A39DBB0075135D /* CustomPageViewController.swift */,
				98FFA3EB28A5D1CC00B0E6C9 /* CLPlaceMark.swift */,
				98EAC07728A3BE690075135D /* Color.swift */,
				98FFA3E928A5CD3600B0E6C9 /* UserDefaults.swift */,
				98FFA3F428A64DBD00B0E6C9 /* NavigationBar.swift */,
			);
			path = Extensions;
			sourceTree = "<group>";
		};
		98EAC07628A3ABF80075135D /* Onboarding */ = {
			isa = PBXGroup;
			children = (
				98EAC04228A3999A0075135D /* OnboardingViewController.swift */,
				98EAC06F28A39C890075135D /* OnboardingData.swift */,
			);
			path = Onboarding;
			sourceTree = "<group>";
		};
		98FFA3EE28A5DD7C00B0E6C9 /* CurrentRideController */ = {
			isa = PBXGroup;
			children = (
				98EAC07928A4E58E0075135D /* CurrentRideController.swift */,
			);
			path = CurrentRideController;
			sourceTree = "<group>";
		};
		98FFA3EF28A5DD8B00B0E6C9 /* Alerts */ = {
			isa = PBXGroup;
			children = (
				98FFA3E528A52D5100B0E6C9 /* Alerts.swift */,
			);
			path = Alerts;
			sourceTree = "<group>";
		};
		98FFA3F028A5DD9100B0E6C9 /* MyProgressController */ = {
			isa = PBXGroup;
			children = (
				98FFA3F128A5DD9C00B0E6C9 /* MyProgressControllerCell */,
				98FFA3E328A5192A00B0E6C9 /* MyProgressController.swift */,
			);
			path = MyProgressController;
			sourceTree = "<group>";
		};
		98FFA3F128A5DD9C00B0E6C9 /* MyProgressControllerCell */ = {
			isa = PBXGroup;
			children = (
				98FFA3E728A5C33300B0E6C9 /* MyProgressControllerCell.swift */,
			);
			path = MyProgressControllerCell;
			sourceTree = "<group>";
		};
		98FFA3F228A5DDAD00B0E6C9 /* Application */ = {
			isa = PBXGroup;
			children = (
				98EAC03E28A3999A0075135D /* AppDelegate.swift */,
				98EAC04028A3999A0075135D /* SceneDelegate.swift */,
			);
			path = Application;
			sourceTree = "<group>";
		};
		98FFA3F328A5DDB700B0E6C9 /* Storyboards */ = {
			isa = PBXGroup;
			children = (
				98EAC04928A3999C0075135D /* LaunchScreen.storyboard */,
				98EAC04428A3999A0075135D /* Main.storyboard */,
			);
			path = Storyboards;
			sourceTree = "<group>";
		};
		BEE50A8B817001489B6D9258 /* Frameworks */ = {
			isa = PBXGroup;
			children = (
				651D910931B71FED9833FAEA /* Pods_XBike.framework */,
				CECEB1FEFD8098105A5D00CC /* Pods_XBike_XBikeUITests.framework */,
				D16C7A0143CEA27E5EF37100 /* Pods_XBikeTests.framework */,
			);
			name = Frameworks;
			sourceTree = "<group>";
		};
/* End PBXGroup section */

/* Begin PBXNativeTarget section */
		98EAC03A28A3999A0075135D /* XBike */ = {
			isa = PBXNativeTarget;
			buildConfigurationList = 98EAC06528A3999C0075135D /* Build configuration list for PBXNativeTarget "XBike" */;
			buildPhases = (
				3681254C86053C977D3E705F /* [CP] Check Pods Manifest.lock */,
				98EAC03728A3999A0075135D /* Sources */,
				98EAC03828A3999A0075135D /* Frameworks */,
				98EAC03928A3999A0075135D /* Resources */,
				D55ABAF4BA6E841A4B7D2744 /* [CP] Copy Pods Resources */,
			);
			buildRules = (
			);
			dependencies = (
			);
			name = XBike;
			productName = XBike;
			productReference = 98EAC03B28A3999A0075135D /* XBike.app */;
			productType = "com.apple.product-type.application";
		};
		98EAC05028A3999C0075135D /* XBikeTests */ = {
			isa = PBXNativeTarget;
			buildConfigurationList = 98EAC06828A3999C0075135D /* Build configuration list for PBXNativeTarget "XBikeTests" */;
			buildPhases = (
				4EFFAF3E3C2C0BFB5007D9E6 /* [CP] Check Pods Manifest.lock */,
				98EAC04D28A3999C0075135D /* Sources */,
				98EAC04E28A3999C0075135D /* Frameworks */,
				98EAC04F28A3999C0075135D /* Resources */,
			);
			buildRules = (
			);
			dependencies = (
				98EAC05328A3999C0075135D /* PBXTargetDependency */,
			);
			name = XBikeTests;
			productName = XBikeTests;
			productReference = 98EAC05128A3999C0075135D /* XBikeTests.xctest */;
			productType = "com.apple.product-type.bundle.unit-test";
		};
		98EAC05A28A3999C0075135D /* XBikeUITests */ = {
			isa = PBXNativeTarget;
			buildConfigurationList = 98EAC06B28A3999C0075135D /* Build configuration list for PBXNativeTarget "XBikeUITests" */;
			buildPhases = (
				716BFDC2375BD3372A18D7ED /* [CP] Check Pods Manifest.lock */,
				98EAC05728A3999C0075135D /* Sources */,
				98EAC05828A3999C0075135D /* Frameworks */,
				98EAC05928A3999C0075135D /* Resources */,
				FF49E05E22892F547C41851D /* [CP] Copy Pods Resources */,
			);
			buildRules = (
			);
			dependencies = (
				98EAC05D28A3999C0075135D /* PBXTargetDependency */,
			);
			name = XBikeUITests;
			productName = XBikeUITests;
			productReference = 98EAC05B28A3999C0075135D /* XBikeUITests.xctest */;
			productType = "com.apple.product-type.bundle.ui-testing";
		};
/* End PBXNativeTarget section */

/* Begin PBXProject section */
		98EAC03328A3999A0075135D /* Project object */ = {
			isa = PBXProject;
			attributes = {
				BuildIndependentTargetsInParallel = 1;
				LastSwiftUpdateCheck = 1340;
				LastUpgradeCheck = 1340;
				TargetAttributes = {
					98EAC03A28A3999A0075135D = {
						CreatedOnToolsVersion = 13.4.1;
					};
					98EAC05028A3999C0075135D = {
						CreatedOnToolsVersion = 13.4.1;
						TestTargetID = 98EAC03A28A3999A0075135D;
					};
					98EAC05A28A3999C0075135D = {
						CreatedOnToolsVersion = 13.4.1;
						TestTargetID = 98EAC03A28A3999A0075135D;
					};
				};
			};
			buildConfigurationList = 98EAC03628A3999A0075135D /* Build configuration list for PBXProject "XBike" */;
			compatibilityVersion = "Xcode 13.0";
			developmentRegion = en;
			hasScannedForEncodings = 0;
			knownRegions = (
				en,
				Base,
			);
			mainGroup = 98EAC03228A3999A0075135D;
			productRefGroup = 98EAC03C28A3999A0075135D /* Products */;
			projectDirPath = "";
			projectRoot = "";
			targets = (
				98EAC03A28A3999A0075135D /* XBike */,
				98EAC05028A3999C0075135D /* XBikeTests */,
				98EAC05A28A3999C0075135D /* XBikeUITests */,
			);
		};
/* End PBXProject section */

/* Begin PBXResourcesBuildPhase section */
		98EAC03928A3999A0075135D /* Resources */ = {
			isa = PBXResourcesBuildPhase;
			buildActionMask = 2147483647;
			files = (
				98EAC04B28A3999C0075135D /* LaunchScreen.storyboard in Resources */,
				98EAC04828A3999C0075135D /* Assets.xcassets in Resources */,
				98EAC04628A3999A0075135D /* Main.storyboard in Resources */,
			);
			runOnlyForDeploymentPostprocessing = 0;
		};
		98EAC04F28A3999C0075135D /* Resources */ = {
			isa = PBXResourcesBuildPhase;
			buildActionMask = 2147483647;
			files = (
			);
			runOnlyForDeploymentPostprocessing = 0;
		};
		98EAC05928A3999C0075135D /* Resources */ = {
			isa = PBXResourcesBuildPhase;
			buildActionMask = 2147483647;
			files = (
			);
			runOnlyForDeploymentPostprocessing = 0;
		};
/* End PBXResourcesBuildPhase section */

/* Begin PBXShellScriptBuildPhase section */
		3681254C86053C977D3E705F /* [CP] Check Pods Manifest.lock */ = {
			isa = PBXShellScriptBuildPhase;
			buildActionMask = 2147483647;
			files = (
			);
			inputFileListPaths = (
			);
			inputPaths = (
				"${PODS_PODFILE_DIR_PATH}/Podfile.lock",
				"${PODS_ROOT}/Manifest.lock",
			);
			name = "[CP] Check Pods Manifest.lock";
			outputFileListPaths = (
			);
			outputPaths = (
				"$(DERIVED_FILE_DIR)/Pods-XBike-checkManifestLockResult.txt",
			);
			runOnlyForDeploymentPostprocessing = 0;
			shellPath = /bin/sh;
			shellScript = "diff \"${PODS_PODFILE_DIR_PATH}/Podfile.lock\" \"${PODS_ROOT}/Manifest.lock\" > /dev/null\nif [ $? != 0 ] ; then\n    # print error to STDERR\n    echo \"error: The sandbox is not in sync with the Podfile.lock. Run 'pod install' or update your CocoaPods installation.\" >&2\n    exit 1\nfi\n# This output is used by Xcode 'outputs' to avoid re-running this script phase.\necho \"SUCCESS\" > \"${SCRIPT_OUTPUT_FILE_0}\"\n";
			showEnvVarsInLog = 0;
		};
		4EFFAF3E3C2C0BFB5007D9E6 /* [CP] Check Pods Manifest.lock */ = {
			isa = PBXShellScriptBuildPhase;
			buildActionMask = 2147483647;
			files = (
			);
			inputFileListPaths = (
			);
			inputPaths = (
				"${PODS_PODFILE_DIR_PATH}/Podfile.lock",
				"${PODS_ROOT}/Manifest.lock",
			);
			name = "[CP] Check Pods Manifest.lock";
			outputFileListPaths = (
			);
			outputPaths = (
				"$(DERIVED_FILE_DIR)/Pods-XBikeTests-checkManifestLockResult.txt",
			);
			runOnlyForDeploymentPostprocessing = 0;
			shellPath = /bin/sh;
			shellScript = "diff \"${PODS_PODFILE_DIR_PATH}/Podfile.lock\" \"${PODS_ROOT}/Manifest.lock\" > /dev/null\nif [ $? != 0 ] ; then\n    # print error to STDERR\n    echo \"error: The sandbox is not in sync with the Podfile.lock. Run 'pod install' or update your CocoaPods installation.\" >&2\n    exit 1\nfi\n# This output is used by Xcode 'outputs' to avoid re-running this script phase.\necho \"SUCCESS\" > \"${SCRIPT_OUTPUT_FILE_0}\"\n";
			showEnvVarsInLog = 0;
		};
		716BFDC2375BD3372A18D7ED /* [CP] Check Pods Manifest.lock */ = {
			isa = PBXShellScriptBuildPhase;
			buildActionMask = 2147483647;
			files = (
			);
			inputFileListPaths = (
			);
			inputPaths = (
				"${PODS_PODFILE_DIR_PATH}/Podfile.lock",
				"${PODS_ROOT}/Manifest.lock",
			);
			name = "[CP] Check Pods Manifest.lock";
			outputFileListPaths = (
			);
			outputPaths = (
				"$(DERIVED_FILE_DIR)/Pods-XBike-XBikeUITests-checkManifestLockResult.txt",
			);
			runOnlyForDeploymentPostprocessing = 0;
			shellPath = /bin/sh;
			shellScript = "diff \"${PODS_PODFILE_DIR_PATH}/Podfile.lock\" \"${PODS_ROOT}/Manifest.lock\" > /dev/null\nif [ $? != 0 ] ; then\n    # print error to STDERR\n    echo \"error: The sandbox is not in sync with the Podfile.lock. Run 'pod install' or update your CocoaPods installation.\" >&2\n    exit 1\nfi\n# This output is used by Xcode 'outputs' to avoid re-running this script phase.\necho \"SUCCESS\" > \"${SCRIPT_OUTPUT_FILE_0}\"\n";
			showEnvVarsInLog = 0;
		};
		D55ABAF4BA6E841A4B7D2744 /* [CP] Copy Pods Resources */ = {
			isa = PBXShellScriptBuildPhase;
			buildActionMask = 2147483647;
			files = (
			);
			inputFileListPaths = (
				"${PODS_ROOT}/Target Support Files/Pods-XBike/Pods-XBike-resources-${CONFIGURATION}-input-files.xcfilelist",
			);
			name = "[CP] Copy Pods Resources";
			outputFileListPaths = (
				"${PODS_ROOT}/Target Support Files/Pods-XBike/Pods-XBike-resources-${CONFIGURATION}-output-files.xcfilelist",
			);
			runOnlyForDeploymentPostprocessing = 0;
			shellPath = /bin/sh;
			shellScript = "\"${PODS_ROOT}/Target Support Files/Pods-XBike/Pods-XBike-resources.sh\"\n";
			showEnvVarsInLog = 0;
		};
		FF49E05E22892F547C41851D /* [CP] Copy Pods Resources */ = {
			isa = PBXShellScriptBuildPhase;
			buildActionMask = 2147483647;
			files = (
			);
			inputFileListPaths = (
				"${PODS_ROOT}/Target Support Files/Pods-XBike-XBikeUITests/Pods-XBike-XBikeUITests-resources-${CONFIGURATION}-input-files.xcfilelist",
			);
			name = "[CP] Copy Pods Resources";
			outputFileListPaths = (
				"${PODS_ROOT}/Target Support Files/Pods-XBike-XBikeUITests/Pods-XBike-XBikeUITests-resources-${CONFIGURATION}-output-files.xcfilelist",
			);
			runOnlyForDeploymentPostprocessing = 0;
			shellPath = /bin/sh;
			shellScript = "\"${PODS_ROOT}/Target Support Files/Pods-XBike-XBikeUITests/Pods-XBike-XBikeUITests-resources.sh\"\n";
			showEnvVarsInLog = 0;
		};
/* End PBXShellScriptBuildPhase section */

/* Begin PBXSourcesBuildPhase section */
		98EAC03728A3999A0075135D /* Sources */ = {
			isa = PBXSourcesBuildPhase;
			buildActionMask = 2147483647;
			files = (
				98FFA3E828A5C33300B0E6C9 /* MyProgressControllerCell.swift in Sources */,
				98EAC07A28A4E58E0075135D /* CurrentRideController.swift in Sources */,
				98EAC07028A39C890075135D /* OnboardingData.swift in Sources */,
				98FFA3EA28A5CD3600B0E6C9 /* UserDefaults.swift in Sources */,
				98FFA3F528A64DBD00B0E6C9 /* NavigationBar.swift in Sources */,
				98EAC04328A3999A0075135D /* OnboardingViewController.swift in Sources */,
				98EAC03F28A3999A0075135D /* AppDelegate.swift in Sources */,
				98FFA3E428A5192A00B0E6C9 /* MyProgressController.swift in Sources */,
				98EAC07528A39DBB0075135D /* CustomPageViewController.swift in Sources */,
				98EAC04128A3999A0075135D /* SceneDelegate.swift in Sources */,
				98FFA3E628A52D5100B0E6C9 /* Alerts.swift in Sources */,
				98EAC07828A3BE690075135D /* Color.swift in Sources */,
				98FFA3EC28A5D1CC00B0E6C9 /* CLPlaceMark.swift in Sources */,
			);
			runOnlyForDeploymentPostprocessing = 0;
		};
		98EAC04D28A3999C0075135D /* Sources */ = {
			isa = PBXSourcesBuildPhase;
			buildActionMask = 2147483647;
			files = (
				98EAC05628A3999C0075135D /* XBikeTests.swift in Sources */,
			);
			runOnlyForDeploymentPostprocessing = 0;
		};
		98EAC05728A3999C0075135D /* Sources */ = {
			isa = PBXSourcesBuildPhase;
			buildActionMask = 2147483647;
			files = (
				98EAC06228A3999C0075135D /* XBikeUITestsLaunchTests.swift in Sources */,
				98EAC06028A3999C0075135D /* XBikeUITests.swift in Sources */,
			);
			runOnlyForDeploymentPostprocessing = 0;
		};
/* End PBXSourcesBuildPhase section */

/* Begin PBXTargetDependency section */
		98EAC05328A3999C0075135D /* PBXTargetDependency */ = {
			isa = PBXTargetDependency;
			target = 98EAC03A28A3999A0075135D /* XBike */;
			targetProxy = 98EAC05228A3999C0075135D /* PBXContainerItemProxy */;
		};
		98EAC05D28A3999C0075135D /* PBXTargetDependency */ = {
			isa = PBXTargetDependency;
			target = 98EAC03A28A3999A0075135D /* XBike */;
			targetProxy = 98EAC05C28A3999C0075135D /* PBXContainerItemProxy */;
		};
/* End PBXTargetDependency section */

/* Begin PBXVariantGroup section */
		98EAC04428A3999A0075135D /* Main.storyboard */ = {
			isa = PBXVariantGroup;
			children = (
				98EAC04528A3999A0075135D /* Base */,
			);
			name = Main.storyboard;
			sourceTree = "<group>";
		};
		98EAC04928A3999C0075135D /* LaunchScreen.storyboard */ = {
			isa = PBXVariantGroup;
			children = (
				98EAC04A28A3999C0075135D /* Base */,
			);
			name = LaunchScreen.storyboard;
			sourceTree = "<group>";
		};
/* End PBXVariantGroup section */

/* Begin XCBuildConfiguration section */
		98EAC06328A3999C0075135D /* Debug */ = {
			isa = XCBuildConfiguration;
			buildSettings = {
				ALWAYS_SEARCH_USER_PATHS = NO;
				CLANG_ANALYZER_NONNULL = YES;
				CLANG_ANALYZER_NUMBER_OBJECT_CONVERSION = YES_AGGRESSIVE;
				CLANG_CXX_LANGUAGE_STANDARD = "gnu++17";
				CLANG_ENABLE_MODULES = YES;
				CLANG_ENABLE_OBJC_ARC = YES;
				CLANG_ENABLE_OBJC_WEAK = YES;
				CLANG_WARN_BLOCK_CAPTURE_AUTORELEASING = YES;
				CLANG_WARN_BOOL_CONVERSION = YES;
				CLANG_WARN_COMMA = YES;
				CLANG_WARN_CONSTANT_CONVERSION = YES;
				CLANG_WARN_DEPRECATED_OBJC_IMPLEMENTATIONS = YES;
				CLANG_WARN_DIRECT_OBJC_ISA_USAGE = YES_ERROR;
				CLANG_WARN_DOCUMENTATION_COMMENTS = YES;
				CLANG_WARN_EMPTY_BODY = YES;
				CLANG_WARN_ENUM_CONVERSION = YES;
				CLANG_WARN_INFINITE_RECURSION = YES;
				CLANG_WARN_INT_CONVERSION = YES;
				CLANG_WARN_NON_LITERAL_NULL_CONVERSION = YES;
				CLANG_WARN_OBJC_IMPLICIT_RETAIN_SELF = YES;
				CLANG_WARN_OBJC_LITERAL_CONVERSION = YES;
				CLANG_WARN_OBJC_ROOT_CLASS = YES_ERROR;
				CLANG_WARN_QUOTED_INCLUDE_IN_FRAMEWORK_HEADER = YES;
				CLANG_WARN_RANGE_LOOP_ANALYSIS = YES;
				CLANG_WARN_STRICT_PROTOTYPES = YES;
				CLANG_WARN_SUSPICIOUS_MOVE = YES;
				CLANG_WARN_UNGUARDED_AVAILABILITY = YES_AGGRESSIVE;
				CLANG_WARN_UNREACHABLE_CODE = YES;
				CLANG_WARN__DUPLICATE_METHOD_MATCH = YES;
				COPY_PHASE_STRIP = NO;
				DEBUG_INFORMATION_FORMAT = dwarf;
				ENABLE_STRICT_OBJC_MSGSEND = YES;
				ENABLE_TESTABILITY = YES;
				GCC_C_LANGUAGE_STANDARD = gnu11;
				GCC_DYNAMIC_NO_PIC = NO;
				GCC_NO_COMMON_BLOCKS = YES;
				GCC_OPTIMIZATION_LEVEL = 0;
				GCC_PREPROCESSOR_DEFINITIONS = (
					"DEBUG=1",
					"$(inherited)",
				);
				GCC_WARN_64_TO_32_BIT_CONVERSION = YES;
				GCC_WARN_ABOUT_RETURN_TYPE = YES_ERROR;
				GCC_WARN_UNDECLARED_SELECTOR = YES;
				GCC_WARN_UNINITIALIZED_AUTOS = YES_AGGRESSIVE;
				GCC_WARN_UNUSED_FUNCTION = YES;
				GCC_WARN_UNUSED_VARIABLE = YES;
				IPHONEOS_DEPLOYMENT_TARGET = 15.5;
				MTL_ENABLE_DEBUG_INFO = INCLUDE_SOURCE;
				MTL_FAST_MATH = YES;
				ONLY_ACTIVE_ARCH = YES;
				SDKROOT = iphoneos;
				SWIFT_ACTIVE_COMPILATION_CONDITIONS = DEBUG;
				SWIFT_OPTIMIZATION_LEVEL = "-Onone";
			};
			name = Debug;
		};
		98EAC06428A3999C0075135D /* Release */ = {
			isa = XCBuildConfiguration;
			buildSettings = {
				ALWAYS_SEARCH_USER_PATHS = NO;
				CLANG_ANALYZER_NONNULL = YES;
				CLANG_ANALYZER_NUMBER_OBJECT_CONVERSION = YES_AGGRESSIVE;
				CLANG_CXX_LANGUAGE_STANDARD = "gnu++17";
				CLANG_ENABLE_MODULES = YES;
				CLANG_ENABLE_OBJC_ARC = YES;
				CLANG_ENABLE_OBJC_WEAK = YES;
				CLANG_WARN_BLOCK_CAPTURE_AUTORELEASING = YES;
				CLANG_WARN_BOOL_CONVERSION = YES;
				CLANG_WARN_COMMA = YES;
				CLANG_WARN_CONSTANT_CONVERSION = YES;
				CLANG_WARN_DEPRECATED_OBJC_IMPLEMENTATIONS = YES;
				CLANG_WARN_DIRECT_OBJC_ISA_USAGE = YES_ERROR;
				CLANG_WARN_DOCUMENTATION_COMMENTS = YES;
				CLANG_WARN_EMPTY_BODY = YES;
				CLANG_WARN_ENUM_CONVERSION = YES;
				CLANG_WARN_INFINITE_RECURSION = YES;
				CLANG_WARN_INT_CONVERSION = YES;
				CLANG_WARN_NON_LITERAL_NULL_CONVERSION = YES;
				CLANG_WARN_OBJC_IMPLICIT_RETAIN_SELF = YES;
				CLANG_WARN_OBJC_LITERAL_CONVERSION = YES;
				CLANG_WARN_OBJC_ROOT_CLASS = YES_ERROR;
				CLANG_WARN_QUOTED_INCLUDE_IN_FRAMEWORK_HEADER = YES;
				CLANG_WARN_RANGE_LOOP_ANALYSIS = YES;
				CLANG_WARN_STRICT_PROTOTYPES = YES;
				CLANG_WARN_SUSPICIOUS_MOVE = YES;
				CLANG_WARN_UNGUARDED_AVAILABILITY = YES_AGGRESSIVE;
				CLANG_WARN_UNREACHABLE_CODE = YES;
				CLANG_WARN__DUPLICATE_METHOD_MATCH = YES;
				COPY_PHASE_STRIP = NO;
				DEBUG_INFORMATION_FORMAT = "dwarf-with-dsym";
				ENABLE_NS_ASSERTIONS = NO;
				ENABLE_STRICT_OBJC_MSGSEND = YES;
				GCC_C_LANGUAGE_STANDARD = gnu11;
				GCC_NO_COMMON_BLOCKS = YES;
				GCC_WARN_64_TO_32_BIT_CONVERSION = YES;
				GCC_WARN_ABOUT_RETURN_TYPE = YES_ERROR;
				GCC_WARN_UNDECLARED_SELECTOR = YES;
				GCC_WARN_UNINITIALIZED_AUTOS = YES_AGGRESSIVE;
				GCC_WARN_UNUSED_FUNCTION = YES;
				GCC_WARN_UNUSED_VARIABLE = YES;
				IPHONEOS_DEPLOYMENT_TARGET = 15.5;
				MTL_ENABLE_DEBUG_INFO = NO;
				MTL_FAST_MATH = YES;
				SDKROOT = iphoneos;
				SWIFT_COMPILATION_MODE = wholemodule;
				SWIFT_OPTIMIZATION_LEVEL = "-O";
				VALIDATE_PRODUCT = YES;
			};
			name = Release;
		};
		98EAC06628A3999C0075135D /* Debug */ = {
			isa = XCBuildConfiguration;
			baseConfigurationReference = 17D601B657B8561CDD207E37 /* Pods-XBike.debug.xcconfig */;
			buildSettings = {
				ASSETCATALOG_COMPILER_APPICON_NAME = AppIcon;
				ASSETCATALOG_COMPILER_GLOBAL_ACCENT_COLOR_NAME = AccentColor;
				CODE_SIGN_STYLE = Automatic;
				CURRENT_PROJECT_VERSION = 1;
				DEVELOPMENT_TEAM = F5RYH9RG5G;
				GENERATE_INFOPLIST_FILE = YES;
				INFOPLIST_FILE = XBike/Info.plist;
				INFOPLIST_KEY_NSLocationAlwaysAndWhenInUseUsageDescription = d;
				INFOPLIST_KEY_NSLocationAlwaysUsageDescription = d;
				INFOPLIST_KEY_NSLocationWhenInUseUsageDescription = "";
				INFOPLIST_KEY_UIApplicationSupportsIndirectInputEvents = YES;
				INFOPLIST_KEY_UILaunchStoryboardName = LaunchScreen;
				INFOPLIST_KEY_UIMainStoryboardFile = Main;
				INFOPLIST_KEY_UISupportedInterfaceOrientations_iPad = "UIInterfaceOrientationPortrait UIInterfaceOrientationPortraitUpsideDown UIInterfaceOrientationLandscapeLeft UIInterfaceOrientationLandscapeRight";
				INFOPLIST_KEY_UISupportedInterfaceOrientations_iPhone = "UIInterfaceOrientationPortrait UIInterfaceOrientationLandscapeLeft UIInterfaceOrientationLandscapeRight";
				LD_RUNPATH_SEARCH_PATHS = (
					"$(inherited)",
					"@executable_path/Frameworks",
				);
				MARKETING_VERSION = 1.0;
				PRODUCT_BUNDLE_IDENTIFIER = josebustamante.XBikeC;
				PRODUCT_NAME = "$(TARGET_NAME)";
				SWIFT_EMIT_LOC_STRINGS = YES;
				SWIFT_VERSION = 5.0;
				TARGETED_DEVICE_FAMILY = "1,2";
			};
			name = Debug;
		};
		98EAC06728A3999C0075135D /* Release */ = {
			isa = XCBuildConfiguration;
			baseConfigurationReference = 500BD2B47A10BAF161908E28 /* Pods-XBike.release.xcconfig */;
			buildSettings = {
				ASSETCATALOG_COMPILER_APPICON_NAME = AppIcon;
				ASSETCATALOG_COMPILER_GLOBAL_ACCENT_COLOR_NAME = AccentColor;
				CODE_SIGN_STYLE = Automatic;
				CURRENT_PROJECT_VERSION = 1;
				DEVELOPMENT_TEAM = F5RYH9RG5G;
				GENERATE_INFOPLIST_FILE = YES;
				INFOPLIST_FILE = XBike/Info.plist;
				INFOPLIST_KEY_NSLocationAlwaysAndWhenInUseUsageDescription = d;
				INFOPLIST_KEY_NSLocationAlwaysUsageDescription = d;
				INFOPLIST_KEY_NSLocationWhenInUseUsageDescription = "";
				INFOPLIST_KEY_UIApplicationSupportsIndirectInputEvents = YES;
				INFOPLIST_KEY_UILaunchStoryboardName = LaunchScreen;
				INFOPLIST_KEY_UIMainStoryboardFile = Main;
				INFOPLIST_KEY_UISupportedInterfaceOrientations_iPad = "UIInterfaceOrientationPortrait UIInterfaceOrientationPortraitUpsideDown UIInterfaceOrientationLandscapeLeft UIInterfaceOrientationLandscapeRight";
				INFOPLIST_KEY_UISupportedInterfaceOrientations_iPhone = "UIInterfaceOrientationPortrait UIInterfaceOrientationLandscapeLeft UIInterfaceOrientationLandscapeRight";
				LD_RUNPATH_SEARCH_PATHS = (
					"$(inherited)",
					"@executable_path/Frameworks",
				);
				MARKETING_VERSION = 1.0;
				PRODUCT_BUNDLE_IDENTIFIER = josebustamante.XBikeC;
				PRODUCT_NAME = "$(TARGET_NAME)";
				SWIFT_EMIT_LOC_STRINGS = YES;
				SWIFT_VERSION = 5.0;
				TARGETED_DEVICE_FAMILY = "1,2";
			};
			name = Release;
		};
		98EAC06928A3999C0075135D /* Debug */ = {
			isa = XCBuildConfiguration;
			baseConfigurationReference = 3A7272B383913B9EE38992B5 /* Pods-XBikeTests.debug.xcconfig */;
			buildSettings = {
				ALWAYS_EMBED_SWIFT_STANDARD_LIBRARIES = YES;
				BUNDLE_LOADER = "$(TEST_HOST)";
				CODE_SIGN_STYLE = Automatic;
				CURRENT_PROJECT_VERSION = 1;
				GENERATE_INFOPLIST_FILE = YES;
				IPHONEOS_DEPLOYMENT_TARGET = 15.5;
				MARKETING_VERSION = 1.0;
				PRODUCT_BUNDLE_IDENTIFIER = josebustamante.XBikeTests;
				PRODUCT_NAME = "$(TARGET_NAME)";
				SWIFT_EMIT_LOC_STRINGS = NO;
				SWIFT_VERSION = 5.0;
				TARGETED_DEVICE_FAMILY = "1,2";
				TEST_HOST = "$(BUILT_PRODUCTS_DIR)/XBike.app/XBike";
			};
			name = Debug;
		};
		98EAC06A28A3999C0075135D /* Release */ = {
			isa = XCBuildConfiguration;
			baseConfigurationReference = A9DB75675EA75CA09CA43A58 /* Pods-XBikeTests.release.xcconfig */;
			buildSettings = {
				ALWAYS_EMBED_SWIFT_STANDARD_LIBRARIES = YES;
				BUNDLE_LOADER = "$(TEST_HOST)";
				CODE_SIGN_STYLE = Automatic;
				CURRENT_PROJECT_VERSION = 1;
				GENERATE_INFOPLIST_FILE = YES;
				IPHONEOS_DEPLOYMENT_TARGET = 15.5;
				MARKETING_VERSION = 1.0;
				PRODUCT_BUNDLE_IDENTIFIER = josebustamante.XBikeTests;
				PRODUCT_NAME = "$(TARGET_NAME)";
				SWIFT_EMIT_LOC_STRINGS = NO;
				SWIFT_VERSION = 5.0;
				TARGETED_DEVICE_FAMILY = "1,2";
				TEST_HOST = "$(BUILT_PRODUCTS_DIR)/XBike.app/XBike";
			};
			name = Release;
		};
		98EAC06C28A3999C0075135D /* Debug */ = {
			isa = XCBuildConfiguration;
			baseConfigurationReference = 6E2B54DCBE7F59CA6F42EE8E /* Pods-XBike-XBikeUITests.debug.xcconfig */;
			buildSettings = {
				ALWAYS_EMBED_SWIFT_STANDARD_LIBRARIES = YES;
				CODE_SIGN_STYLE = Automatic;
				CURRENT_PROJECT_VERSION = 1;
				GENERATE_INFOPLIST_FILE = YES;
				MARKETING_VERSION = 1.0;
				PRODUCT_BUNDLE_IDENTIFIER = josebustamante.XBikeUITests;
				PRODUCT_NAME = "$(TARGET_NAME)";
				SWIFT_EMIT_LOC_STRINGS = NO;
				SWIFT_VERSION = 5.0;
				TARGETED_DEVICE_FAMILY = "1,2";
				TEST_TARGET_NAME = XBike;
			};
			name = Debug;
		};
		98EAC06D28A3999C0075135D /* Release */ = {
			isa = XCBuildConfiguration;
			baseConfigurationReference = 60A319F973C2598A3555FA34 /* Pods-XBike-XBikeUITests.release.xcconfig */;
			buildSettings = {
				ALWAYS_EMBED_SWIFT_STANDARD_LIBRARIES = YES;
				CODE_SIGN_STYLE = Automatic;
				CURRENT_PROJECT_VERSION = 1;
				GENERATE_INFOPLIST_FILE = YES;
				MARKETING_VERSION = 1.0;
				PRODUCT_BUNDLE_IDENTIFIER = josebustamante.XBikeUITests;
				PRODUCT_NAME = "$(TARGET_NAME)";
				SWIFT_EMIT_LOC_STRINGS = NO;
				SWIFT_VERSION = 5.0;
				TARGETED_DEVICE_FAMILY = "1,2";
				TEST_TARGET_NAME = XBike;
			};
			name = Release;
		};
/* End XCBuildConfiguration section */

/* Begin XCConfigurationList section */
		98EAC03628A3999A0075135D /* Build configuration list for PBXProject "XBike" */ = {
			isa = XCConfigurationList;
			buildConfigurations = (
				98EAC06328A3999C0075135D /* Debug */,
				98EAC06428A3999C0075135D /* Release */,
			);
			defaultConfigurationIsVisible = 0;
			defaultConfigurationName = Release;
		};
		98EAC06528A3999C0075135D /* Build configuration list for PBXNativeTarget "XBike" */ = {
			isa = XCConfigurationList;
			buildConfigurations = (
				98EAC06628A3999C0075135D /* Debug */,
				98EAC06728A3999C0075135D /* Release */,
			);
			defaultConfigurationIsVisible = 0;
			defaultConfigurationName = Release;
		};
		98EAC06828A3999C0075135D /* Build configuration list for PBXNativeTarget "XBikeTests" */ = {
			isa = XCConfigurationList;
			buildConfigurations = (
				98EAC06928A3999C0075135D /* Debug */,
				98EAC06A28A3999C0075135D /* Release */,
			);
			defaultConfigurationIsVisible = 0;
			defaultConfigurationName = Release;
		};
		98EAC06B28A3999C0075135D /* Build configuration list for PBXNativeTarget "XBikeUITests" */ = {
			isa = XCConfigurationList;
			buildConfigurations = (
				98EAC06C28A3999C0075135D /* Debug */,
				98EAC06D28A3999C0075135D /* Release */,
			);
			defaultConfigurationIsVisible = 0;
			defaultConfigurationName = Release;
		};
/* End XCConfigurationList section */
	};
	rootObject = 98EAC03328A3999A0075135D /* Project object */;
}
